
Microsoft Visual Studio Solution File, Format Version 12.00
# Visual Studio Version 16
VisualStudioVersion = 16.0.31424.327
MinimumVisualStudioVersion = 10.0.40219.1
Project("{FAE04EC0-301F-11D3-BF4B-00C04F79EFBC}") = "Forms_01", "Forms_01\Forms_01.csproj", "{CE1151C9-CEAE-45A5-A477-119ABD784A34}"
EndProject
Global
	GlobalSection(SolutionConfigurationPlatforms) = preSolution
		Debug|Any CPU = Debug|Any CPU
		Release|Any CPU = Release|Any CPU
	EndGlobalSection
	GlobalSection(ProjectConfigurationPlatforms) = postSolution
		{CE1151C9-CEAE-45A5-A477-119ABD784A34}.Debug|Any CPU.ActiveCfg = Debug|Any CPU
		{CE1151C9-CEAE-45A5-A477-119ABD784A34}.Debug|Any CPU.Build.0 = Debug|Any CPU
		{CE1151C9-CEAE-45A5-A477-119ABD784A34}.Release|Any CPU.ActiveCfg = Release|Any CPU
		{CE1151C9-CEAE-45A5-A477-119ABD784A34}.Release|Any CPU.Build.0 = Release|Any CPU
	EndGlobalSection
	GlobalSection(SolutionProperties) = preSolution
		HideSolutionNode = FALSE
	EndGlobalSection
	GlobalSection(ExtensibilityGlobals) = postSolution
		SolutionGuid = {023FCE5F-DD9D-4BCD-866B-62F5CF601356}
	EndGlobalSection
EndGlobal
