
Microsoft Visual Studio Solution File, Format Version 12.00
# Visual Studio Version 16
VisualStudioVersion = 16.0.31205.134
MinimumVisualStudioVersion = 10.0.40219.1
Project("{FAE04EC0-301F-11D3-BF4B-00C04F79EFBC}") = "aula 05", "aula 05.csproj", "{547681E8-5986-493A-A3AF-A74FB8EC444D}"
EndProject
Global
	GlobalSection(SolutionConfigurationPlatforms) = preSolution
		Debug|Any CPU = Debug|Any CPU
		Release|Any CPU = Release|Any CPU
	EndGlobalSection
	GlobalSection(ProjectConfigurationPlatforms) = postSolution
		{547681E8-5986-493A-A3AF-A74FB8EC444D}.Debug|Any CPU.ActiveCfg = Debug|Any CPU
		{547681E8-5986-493A-A3AF-A74FB8EC444D}.Debug|Any CPU.Build.0 = Debug|Any CPU
		{547681E8-5986-493A-A3AF-A74FB8EC444D}.Release|Any CPU.ActiveCfg = Release|Any CPU
		{547681E8-5986-493A-A3AF-A74FB8EC444D}.Release|Any CPU.Build.0 = Release|Any CPU
	EndGlobalSection
	GlobalSection(SolutionProperties) = preSolution
		HideSolutionNode = FALSE
	EndGlobalSection
	GlobalSection(ExtensibilityGlobals) = postSolution
		SolutionGuid = {8DD65DD6-01E0-4452-A808-4640BBF50B33}
	EndGlobalSection
EndGlobal
