
Microsoft Visual Studio Solution File, Format Version 12.00
# Visual Studio Version 16
VisualStudioVersion = 16.0.31025.194
MinimumVisualStudioVersion = 10.0.40219.1
Project("{FAE04EC0-301F-11D3-BF4B-00C04F79EFBC}") = "AulaOOpt01", "AulaOOpt01.csproj", "{DA626EFB-7996-478E-AA8B-58813BBE9448}"
EndProject
Global
	GlobalSection(SolutionConfigurationPlatforms) = preSolution
		Debug|Any CPU = Debug|Any CPU
		Release|Any CPU = Release|Any CPU
	EndGlobalSection
	GlobalSection(ProjectConfigurationPlatforms) = postSolution
		{DA626EFB-7996-478E-AA8B-58813BBE9448}.Debug|Any CPU.ActiveCfg = Debug|Any CPU
		{DA626EFB-7996-478E-AA8B-58813BBE9448}.Debug|Any CPU.Build.0 = Debug|Any CPU
		{DA626EFB-7996-478E-AA8B-58813BBE9448}.Release|Any CPU.ActiveCfg = Release|Any CPU
		{DA626EFB-7996-478E-AA8B-58813BBE9448}.Release|Any CPU.Build.0 = Release|Any CPU
	EndGlobalSection
	GlobalSection(SolutionProperties) = preSolution
		HideSolutionNode = FALSE
	EndGlobalSection
	GlobalSection(ExtensibilityGlobals) = postSolution
		SolutionGuid = {F8239925-6CF1-4D6C-8A27-41495D894BF9}
	EndGlobalSection
EndGlobal
